
Microsoft Visual Studio Solution File, Format Version 12.00
# Visual Studio 15
VisualStudioVersion = 15.0.28307.106
MinimumVisualStudioVersion = 10.0.40219.1
Project("{FAE04EC0-301F-11D3-BF4B-00C04F79EFBC}") = "day-one", "day-one\day-one.csproj", "{F5F33F34-65FA-4801-923B-40D7FC6E4D1B}"
EndProject
Global
	GlobalSection(SolutionConfigurationPlatforms) = preSolution
		Debug|Any CPU = Debug|Any CPU
		Release|Any CPU = Release|Any CPU
	EndGlobalSection
	GlobalSection(ProjectConfigurationPlatforms) = postSolution
		{F5F33F34-65FA-4801-923B-40D7FC6E4D1B}.Debug|Any CPU.ActiveCfg = Debug|Any CPU
		{F5F33F34-65FA-4801-923B-40D7FC6E4D1B}.Debug|Any CPU.Build.0 = Debug|Any CPU
		{F5F33F34-65FA-4801-923B-40D7FC6E4D1B}.Release|Any CPU.ActiveCfg = Release|Any CPU
		{F5F33F34-65FA-4801-923B-40D7FC6E4D1B}.Release|Any CPU.Build.0 = Release|Any CPU
	EndGlobalSection
	GlobalSection(SolutionProperties) = preSolution
		HideSolutionNode = FALSE
	EndGlobalSection
	GlobalSection(ExtensibilityGlobals) = postSolution
		SolutionGuid = {40A50097-C2C8-4BF6-99F7-98F2FEE4783F}
	EndGlobalSection
EndGlobal
