
Microsoft Visual Studio Solution File, Format Version 12.00
# Visual Studio 15
VisualStudioVersion = 15.0.28307.106
MinimumVisualStudioVersion = 10.0.40219.1
Project("{9A19103F-16F7-4668-BE54-9A1E7A4F7556}") = "day-one", "day-one\day-one.csproj", "{F5F33F34-65FA-4801-923B-40D7FC6E4D1B}"
EndProject
Project("{9A19103F-16F7-4668-BE54-9A1E7A4F7556}") = "day-two", "day-two\day-two.csproj", "{25688484-907A-4F6B-99DA-A906A9CC7CAC}"
EndProject
Project("{9A19103F-16F7-4668-BE54-9A1E7A4F7556}") = "day-3", "day-three\day-3.csproj", "{649D214F-F57F-4568-B470-50EC2D3A5818}"
EndProject
Project("{9A19103F-16F7-4668-BE54-9A1E7A4F7556}") = "day-4", "day-4\day-4.csproj", "{16C1EAC5-C2D2-4A5F-9D95-AAEBEFC0541D}"
EndProject
Project("{FAE04EC0-301F-11D3-BF4B-00C04F79EFBC}") = "ChallengesLibrary", "ChallengesLibrary\ChallengesLibrary.csproj", "{29004ED4-1C2E-487A-92C6-D6EE5FFC39B0}"
EndProject
Project("{FAE04EC0-301F-11D3-BF4B-00C04F79EFBC}") = "ChallengeRunner", "ChallengeRunner\ChallengeRunner.csproj", "{AACCB063-4672-4A81-8405-33BE620A0F4C}"
EndProject
Global
	GlobalSection(SolutionConfigurationPlatforms) = preSolution
		Debug|Any CPU = Debug|Any CPU
		Release|Any CPU = Release|Any CPU
	EndGlobalSection
	GlobalSection(ProjectConfigurationPlatforms) = postSolution
		{F5F33F34-65FA-4801-923B-40D7FC6E4D1B}.Debug|Any CPU.ActiveCfg = Debug|Any CPU
		{F5F33F34-65FA-4801-923B-40D7FC6E4D1B}.Debug|Any CPU.Build.0 = Debug|Any CPU
		{F5F33F34-65FA-4801-923B-40D7FC6E4D1B}.Release|Any CPU.ActiveCfg = Release|Any CPU
		{F5F33F34-65FA-4801-923B-40D7FC6E4D1B}.Release|Any CPU.Build.0 = Release|Any CPU
		{25688484-907A-4F6B-99DA-A906A9CC7CAC}.Debug|Any CPU.ActiveCfg = Debug|Any CPU
		{25688484-907A-4F6B-99DA-A906A9CC7CAC}.Debug|Any CPU.Build.0 = Debug|Any CPU
		{25688484-907A-4F6B-99DA-A906A9CC7CAC}.Release|Any CPU.ActiveCfg = Release|Any CPU
		{25688484-907A-4F6B-99DA-A906A9CC7CAC}.Release|Any CPU.Build.0 = Release|Any CPU
		{649D214F-F57F-4568-B470-50EC2D3A5818}.Debug|Any CPU.ActiveCfg = Debug|Any CPU
		{649D214F-F57F-4568-B470-50EC2D3A5818}.Debug|Any CPU.Build.0 = Debug|Any CPU
		{649D214F-F57F-4568-B470-50EC2D3A5818}.Release|Any CPU.ActiveCfg = Release|Any CPU
		{649D214F-F57F-4568-B470-50EC2D3A5818}.Release|Any CPU.Build.0 = Release|Any CPU
		{16C1EAC5-C2D2-4A5F-9D95-AAEBEFC0541D}.Debug|Any CPU.ActiveCfg = Debug|Any CPU
		{16C1EAC5-C2D2-4A5F-9D95-AAEBEFC0541D}.Debug|Any CPU.Build.0 = Debug|Any CPU
		{16C1EAC5-C2D2-4A5F-9D95-AAEBEFC0541D}.Release|Any CPU.ActiveCfg = Release|Any CPU
		{16C1EAC5-C2D2-4A5F-9D95-AAEBEFC0541D}.Release|Any CPU.Build.0 = Release|Any CPU
		{29004ED4-1C2E-487A-92C6-D6EE5FFC39B0}.Debug|Any CPU.ActiveCfg = Debug|Any CPU
		{29004ED4-1C2E-487A-92C6-D6EE5FFC39B0}.Debug|Any CPU.Build.0 = Debug|Any CPU
		{29004ED4-1C2E-487A-92C6-D6EE5FFC39B0}.Release|Any CPU.ActiveCfg = Release|Any CPU
		{29004ED4-1C2E-487A-92C6-D6EE5FFC39B0}.Release|Any CPU.Build.0 = Release|Any CPU
		{AACCB063-4672-4A81-8405-33BE620A0F4C}.Debug|Any CPU.ActiveCfg = Debug|Any CPU
		{AACCB063-4672-4A81-8405-33BE620A0F4C}.Debug|Any CPU.Build.0 = Debug|Any CPU
		{AACCB063-4672-4A81-8405-33BE620A0F4C}.Release|Any CPU.ActiveCfg = Release|Any CPU
		{AACCB063-4672-4A81-8405-33BE620A0F4C}.Release|Any CPU.Build.0 = Release|Any CPU
	EndGlobalSection
	GlobalSection(SolutionProperties) = preSolution
		HideSolutionNode = FALSE
	EndGlobalSection
	GlobalSection(ExtensibilityGlobals) = postSolution
		SolutionGuid = {40A50097-C2C8-4BF6-99F7-98F2FEE4783F}
	EndGlobalSection
EndGlobal
